{
  "name": "svg2geojson",
  "version": "0.5.0",
  "lockfileVersion": 1,
  "dependencies": {
    "lodash": {
      "version": "https://registry.npmjs.org/lodash/-/lodash-4.17.4.tgz",
      "integrity": "sha1-eCA6TRwyiuHYbcpkYONptX9AVa4="
    },
    "minimist": {
      "version": "1.2.0",
      "resolved": "https://registry.npmjs.org/minimist/-/minimist-1.2.0.tgz",
      "integrity": "sha1-o1AIsg9BOD7sH7kU9M1d95omQoQ="
    },
    "neatjson": {
      "version": "0.8.3",
      "resolved": "https://registry.npmjs.org/neatjson/-/neatjson-0.8.3.tgz",
      "integrity": "sha1-fICtia/F2uuBgW1oS747ZxUwXio="
    },
    "sax": {
      "version": "https://registry.npmjs.org/sax/-/sax-1.2.2.tgz",
      "integrity": "sha1-/YYxojvHgmvvXYcb24c3jJVkeCg="
    },
    "svg-path-parser": {
      "version": "1.0.1",
      "resolved": "https://registry.npmjs.org/svg-path-parser/-/svg-path-parser-1.0.1.tgz",
      "integrity": "sha1-Pln15dcNL8DXwX98xUe8PD+qwVc="
    },
    "svg-path-to-polygons": {
      "version": "0.1.0",
      "resolved": "https://registry.npmjs.org/svg-path-to-polygons/-/svg-path-to-polygons-0.1.0.tgz",
      "integrity": "sha512-+4wNVtS1XHf8CZOxKdO8dfnJAAcE4kk+/HlMq6teVZBQPav9bfxX4SHyxh1pYEdg2zu/Gp+JwWTSxKAGdVvlWA==",
      "dependencies": {
        "svg-path-parser": {
          "version": "1.1.0",
          "resolved": "https://registry.npmjs.org/svg-path-parser/-/svg-path-parser-1.1.0.tgz",
          "integrity": "sha1-4WtLOd8NKw056DR9t5/doUU6YEY="
        }
      }
    },
    "vmath": {
      "version": "1.3.1",
      "resolved": "https://registry.npmjs.org/vmath/-/vmath-1.3.1.tgz",
      "integrity": "sha512-sW/t49jLmt9vv64YWXeuRZSQcqX/IKN2mjnp5BBOAzrqqm9wOw51KL2MXKtQGStRjONJM4pNlPXOR9Pyn26l6Q=="
    },
    "xml2js": {
      "version": "0.4.17",
      "resolved": "https://registry.npmjs.org/xml2js/-/xml2js-0.4.17.tgz",
      "integrity": "sha1-F76T6q4/O3eTWceVtBlwWogX6Gg="
    },
    "xmlbuilder": {
      "version": "4.2.1",
      "resolved": "https://registry.npmjs.org/xmlbuilder/-/xmlbuilder-4.2.1.tgz",
      "integrity": "sha1-qlijBBoGb5DqoWwvU4n/GfP0YaU="
    }
  }
}
